// !$*UTF8*$!
{
	archiveVersion = 1;
	classes = {
	};
	objectVersion = 50;
	objects = {

/* Begin PBXBuildFile section */
		97E6F02722E1404900EAD186 /* AppDelegate.swift in Sources */ = {isa = PBXBuildFile; fileRef = 97E6F02622E1404900EAD186 /* AppDelegate.swift */; };
		97E6F02C22E1404900EAD186 /* Main.storyboard in Resources */ = {isa = PBXBuildFile; fileRef = 97E6F02A22E1404900EAD186 /* Main.storyboard */; };
		97E6F02E22E1404E00EAD186 /* Assets.xcassets in Resources */ = {isa = PBXBuildFile; fileRef = 97E6F02D22E1404E00EAD186 /* Assets.xcassets */; };
		97E6F03122E1404E00EAD186 /* LaunchScreen.storyboard in Resources */ = {isa = PBXBuildFile; fileRef = 97E6F02F22E1404E00EAD186 /* LaunchScreen.storyboard */; };
		97E6F03922E15BC800EAD186 /* FieldSurveyViewController.swift in Sources */ = {isa = PBXBuildFile; fileRef = 97E6F03822E15BC800EAD186 /* FieldSurveyViewController.swift */; };
		97E6F03B22E15C0800EAD186 /* FieldSurveyDetailViewController.swift in Sources */ = {isa = PBXBuildFile; fileRef = 97E6F03A22E15C0800EAD186 /* FieldSurveyDetailViewController.swift */; };
		97E6F03F22E15FBA00EAD186 /* field_observations.json in Resources */ = {isa = PBXBuildFile; fileRef = 97E6F03E22E15FBA00EAD186 /* field_observations.json */; };
		97E6F04222E1643300EAD186 /* Classification.swift in Sources */ = {isa = PBXBuildFile; fileRef = 97E6F04122E1643300EAD186 /* Classification.swift */; };
		97E6F04422E1660500EAD186 /* FieldSurvey.swift in Sources */ = {isa = PBXBuildFile; fileRef = 97E6F04322E1660500EAD186 /* FieldSurvey.swift */; };
		97E6F04822E16D6500EAD186 /* FieldSurveysJSONParser.swift in Sources */ = {isa = PBXBuildFile; fileRef = 97E6F04722E16D6500EAD186 /* FieldSurveysJSONParser.swift */; };
		97E6F04A22E171EB00EAD186 /* FieldSurveyJSONLoader.swift in Sources */ = {isa = PBXBuildFile; fileRef = 97E6F04922E171EB00EAD186 /* FieldSurveyJSONLoader.swift */; };
		97E6F04C22E1769D00EAD186 /* FieldSurveyTableViewCell.swift in Sources */ = {isa = PBXBuildFile; fileRef = 97E6F04B22E1769D00EAD186 /* FieldSurveyTableViewCell.swift */; };
/* End PBXBuildFile section */

/* Begin PBXFileReference section */
		97E6F02322E1404900EAD186 /* FieldSurvey.app */ = {isa = PBXFileReference; explicitFileType = wrapper.application; includeInIndex = 0; path = FieldSurvey.app; sourceTree = BUILT_PRODUCTS_DIR; };
		97E6F02622E1404900EAD186 /* AppDelegate.swift */ = {isa = PBXFileReference; lastKnownFileType = sourcecode.swift; path = AppDelegate.swift; sourceTree = "<group>"; };
		97E6F02B22E1404900EAD186 /* Base */ = {isa = PBXFileReference; lastKnownFileType = file.storyboard; name = Base; path = Base.lproj/Main.storyboard; sourceTree = "<group>"; };
		97E6F02D22E1404E00EAD186 /* Assets.xcassets */ = {isa = PBXFileReference; lastKnownFileType = folder.assetcatalog; path = Assets.xcassets; sourceTree = "<group>"; };
		97E6F03022E1404E00EAD186 /* Base */ = {isa = PBXFileReference; lastKnownFileType = file.storyboard; name = Base; path = Base.lproj/LaunchScreen.storyboard; sourceTree = "<group>"; };
		97E6F03222E1404E00EAD186 /* Info.plist */ = {isa = PBXFileReference; lastKnownFileType = text.plist.xml; path = Info.plist; sourceTree = "<group>"; };
		97E6F03822E15BC800EAD186 /* FieldSurveyViewController.swift */ = {isa = PBXFileReference; lastKnownFileType = sourcecode.swift; path = FieldSurveyViewController.swift; sourceTree = "<group>"; };
		97E6F03A22E15C0800EAD186 /* FieldSurveyDetailViewController.swift */ = {isa = PBXFileReference; lastKnownFileType = sourcecode.swift; path = FieldSurveyDetailViewController.swift; sourceTree = "<group>"; };
		97E6F03E22E15FBA00EAD186 /* field_observations.json */ = {isa = PBXFileReference; fileEncoding = 4; lastKnownFileType = text.json; path = field_observations.json; sourceTree = "<group>"; };
		97E6F04122E1643300EAD186 /* Classification.swift */ = {isa = PBXFileReference; lastKnownFileType = sourcecode.swift; path = Classification.swift; sourceTree = "<group>"; };
		97E6F04322E1660500EAD186 /* FieldSurvey.swift */ = {isa = PBXFileReference; lastKnownFileType = sourcecode.swift; path = FieldSurvey.swift; sourceTree = "<group>"; };
		97E6F04722E16D6500EAD186 /* FieldSurveysJSONParser.swift */ = {isa = PBXFileReference; lastKnownFileType = sourcecode.swift; path = FieldSurveysJSONParser.swift; sourceTree = "<group>"; };
		97E6F04922E171EB00EAD186 /* FieldSurveyJSONLoader.swift */ = {isa = PBXFileReference; lastKnownFileType = sourcecode.swift; path = FieldSurveyJSONLoader.swift; sourceTree = "<group>"; };
		97E6F04B22E1769D00EAD186 /* FieldSurveyTableViewCell.swift */ = {isa = PBXFileReference; lastKnownFileType = sourcecode.swift; path = FieldSurveyTableViewCell.swift; sourceTree = "<group>"; };
/* End PBXFileReference section */

/* Begin PBXFrameworksBuildPhase section */
		97E6F02022E1404900EAD186 /* Frameworks */ = {
			isa = PBXFrameworksBuildPhase;
			buildActionMask = 2147483647;
			files = (
			);
			runOnlyForDeploymentPostprocessing = 0;
		};
/* End PBXFrameworksBuildPhase section */

/* Begin PBXGroup section */
		97E6F01A22E1404900EAD186 = {
			isa = PBXGroup;
			children = (
				97E6F02522E1404900EAD186 /* FieldSurvey */,
				97E6F02422E1404900EAD186 /* Products */,
			);
			sourceTree = "<group>";
		};
		97E6F02422E1404900EAD186 /* Products */ = {
			isa = PBXGroup;
			children = (
				97E6F02322E1404900EAD186 /* FieldSurvey.app */,
			);
			name = Products;
			sourceTree = "<group>";
		};
		97E6F02522E1404900EAD186 /* FieldSurvey */ = {
			isa = PBXGroup;
			children = (
				97E6F04022E1615C00EAD186 /* Model */,
				97E6F02622E1404900EAD186 /* AppDelegate.swift */,
				97E6F02A22E1404900EAD186 /* Main.storyboard */,
				97E6F02D22E1404E00EAD186 /* Assets.xcassets */,
				97E6F02F22E1404E00EAD186 /* LaunchScreen.storyboard */,
				97E6F03222E1404E00EAD186 /* Info.plist */,
				97E6F03822E15BC800EAD186 /* FieldSurveyViewController.swift */,
				97E6F03A22E15C0800EAD186 /* FieldSurveyDetailViewController.swift */,
				97E6F04B22E1769D00EAD186 /* FieldSurveyTableViewCell.swift */,
			);
			path = FieldSurvey;
			sourceTree = "<group>";
		};
		97E6F04022E1615C00EAD186 /* Model */ = {
			isa = PBXGroup;
			children = (
				97E6F03E22E15FBA00EAD186 /* field_observations.json */,
				97E6F04122E1643300EAD186 /* Classification.swift */,
				97E6F04322E1660500EAD186 /* FieldSurvey.swift */,
				97E6F04722E16D6500EAD186 /* FieldSurveysJSONParser.swift */,
				97E6F04922E171EB00EAD186 /* FieldSurveyJSONLoader.swift */,
			);
			path = Model;
			sourceTree = "<group>";
		};
/* End PBXGroup section */

/* Begin PBXNativeTarget section */
		97E6F02222E1404900EAD186 /* FieldSurvey */ = {
			isa = PBXNativeTarget;
			buildConfigurationList = 97E6F03522E1404E00EAD186 /* Build configuration list for PBXNativeTarget "FieldSurvey" */;
			buildPhases = (
				97E6F01F22E1404900EAD186 /* Sources */,
				97E6F02022E1404900EAD186 /* Frameworks */,
				97E6F02122E1404900EAD186 /* Resources */,
			);
			buildRules = (
			);
			dependencies = (
			);
			name = FieldSurvey;
			productName = FieldSurvey;
			productReference = 97E6F02322E1404900EAD186 /* FieldSurvey.app */;
			productType = "com.apple.product-type.application";
		};
/* End PBXNativeTarget section */

/* Begin PBXProject section */
		97E6F01B22E1404900EAD186 /* Project object */ = {
			isa = PBXProject;
			attributes = {
				LastSwiftUpdateCheck = 1020;
				LastUpgradeCheck = 1020;
				ORGANIZATIONNAME = "Mercy Housh";
				TargetAttributes = {
					97E6F02222E1404900EAD186 = {
						CreatedOnToolsVersion = 10.2.1;
					};
				};
			};
			buildConfigurationList = 97E6F01E22E1404900EAD186 /* Build configuration list for PBXProject "FieldSurvey" */;
			compatibilityVersion = "Xcode 9.3";
			developmentRegion = en;
			hasScannedForEncodings = 0;
			knownRegions = (
				en,
				Base,
			);
			mainGroup = 97E6F01A22E1404900EAD186;
			productRefGroup = 97E6F02422E1404900EAD186 /* Products */;
			projectDirPath = "";
			projectRoot = "";
			targets = (
				97E6F02222E1404900EAD186 /* FieldSurvey */,
			);
		};
/* End PBXProject section */

/* Begin PBXResourcesBuildPhase section */
		97E6F02122E1404900EAD186 /* Resources */ = {
			isa = PBXResourcesBuildPhase;
			buildActionMask = 2147483647;
			files = (
				97E6F03122E1404E00EAD186 /* LaunchScreen.storyboard in Resources */,
				97E6F03F22E15FBA00EAD186 /* field_observations.json in Resources */,
				97E6F02E22E1404E00EAD186 /* Assets.xcassets in Resources */,
				97E6F02C22E1404900EAD186 /* Main.storyboard in Resources */,
			);
			runOnlyForDeploymentPostprocessing = 0;
		};
/* End PBXResourcesBuildPhase section */

/* Begin PBXSourcesBuildPhase section */
		97E6F01F22E1404900EAD186 /* Sources */ = {
			isa = PBXSourcesBuildPhase;
			buildActionMask = 2147483647;
			files = (
				97E6F04A22E171EB00EAD186 /* FieldSurveyJSONLoader.swift in Sources */,
				97E6F04422E1660500EAD186 /* FieldSurvey.swift in Sources */,
				97E6F02722E1404900EAD186 /* AppDelegate.swift in Sources */,
				97E6F03922E15BC800EAD186 /* FieldSurveyViewController.swift in Sources */,
				97E6F03B22E15C0800EAD186 /* FieldSurveyDetailViewController.swift in Sources */,
				97E6F04222E1643300EAD186 /* Classification.swift in Sources */,
				97E6F04C22E1769D00EAD186 /* FieldSurveyTableViewCell.swift in Sources */,
				97E6F04822E16D6500EAD186 /* FieldSurveysJSONParser.swift in Sources */,
			);
			runOnlyForDeploymentPostprocessing = 0;
		};
/* End PBXSourcesBuildPhase section */

/* Begin PBXVariantGroup section */
		97E6F02A22E1404900EAD186 /* Main.storyboard */ = {
			isa = PBXVariantGroup;
			children = (
				97E6F02B22E1404900EAD186 /* Base */,
			);
			name = Main.storyboard;
			sourceTree = "<group>";
		};
		97E6F02F22E1404E00EAD186 /* LaunchScreen.storyboard */ = {
			isa = PBXVariantGroup;
			children = (
				97E6F03022E1404E00EAD186 /* Base */,
			);
			name = LaunchScreen.storyboard;
			sourceTree = "<group>";
		};
/* End PBXVariantGroup section */

/* Begin XCBuildConfiguration section */
		97E6F03322E1404E00EAD186 /* Debug */ = {
			isa = XCBuildConfiguration;
			buildSettings = {
				ALWAYS_SEARCH_USER_PATHS = NO;
				CLANG_ANALYZER_NONNULL = YES;
				CLANG_ANALYZER_NUMBER_OBJECT_CONVERSION = YES_AGGRESSIVE;
				CLANG_CXX_LANGUAGE_STANDARD = "gnu++14";
				CLANG_CXX_LIBRARY = "libc++";
				CLANG_ENABLE_MODULES = YES;
				CLANG_ENABLE_OBJC_ARC = YES;
				CLANG_ENABLE_OBJC_WEAK = YES;
				CLANG_WARN_BLOCK_CAPTURE_AUTORELEASING = YES;
				CLANG_WARN_BOOL_CONVERSION = YES;
				CLANG_WARN_COMMA = YES;
				CLANG_WARN_CONSTANT_CONVERSION = YES;
				CLANG_WARN_DEPRECATED_OBJC_IMPLEMENTATIONS = YES;
				CLANG_WARN_DIRECT_OBJC_ISA_USAGE = YES_ERROR;
				CLANG_WARN_DOCUMENTATION_COMMENTS = YES;
				CLANG_WARN_EMPTY_BODY = YES;
				CLANG_WARN_ENUM_CONVERSION = YES;
				CLANG_WARN_INFINITE_RECURSION = YES;
				CLANG_WARN_INT_CONVERSION = YES;
				CLANG_WARN_NON_LITERAL_NULL_CONVERSION = YES;
				CLANG_WARN_OBJC_IMPLICIT_RETAIN_SELF = YES;
				CLANG_WARN_OBJC_LITERAL_CONVERSION = YES;
				CLANG_WARN_OBJC_ROOT_CLASS = YES_ERROR;
				CLANG_WARN_RANGE_LOOP_ANALYSIS = YES;
				CLANG_WARN_STRICT_PROTOTYPES = YES;
				CLANG_WARN_SUSPICIOUS_MOVE = YES;
				CLANG_WARN_UNGUARDED_AVAILABILITY = YES_AGGRESSIVE;
				CLANG_WARN_UNREACHABLE_CODE = YES;
				CLANG_WARN__DUPLICATE_METHOD_MATCH = YES;
				CODE_SIGN_IDENTITY = "iPhone Developer";
				COPY_PHASE_STRIP = NO;
				DEBUG_INFORMATION_FORMAT = dwarf;
				ENABLE_STRICT_OBJC_MSGSEND = YES;
				ENABLE_TESTABILITY = YES;
				GCC_C_LANGUAGE_STANDARD = gnu11;
				GCC_DYNAMIC_NO_PIC = NO;
				GCC_NO_COMMON_BLOCKS = YES;
				GCC_OPTIMIZATION_LEVEL = 0;
				GCC_PREPROCESSOR_DEFINITIONS = (
					"DEBUG=1",
					"$(inherited)",
				);
				GCC_WARN_64_TO_32_BIT_CONVERSION = YES;
				GCC_WARN_ABOUT_RETURN_TYPE = YES_ERROR;
				GCC_WARN_UNDECLARED_SELECTOR = YES;
				GCC_WARN_UNINITIALIZED_AUTOS = YES_AGGRESSIVE;
				GCC_WARN_UNUSED_FUNCTION = YES;
				GCC_WARN_UNUSED_VARIABLE = YES;
				IPHONEOS_DEPLOYMENT_TARGET = 12.2;
				MTL_ENABLE_DEBUG_INFO = INCLUDE_SOURCE;
				MTL_FAST_MATH = YES;
				ONLY_ACTIVE_ARCH = YES;
				SDKROOT = iphoneos;
				SWIFT_ACTIVE_COMPILATION_CONDITIONS = DEBUG;
				SWIFT_OPTIMIZATION_LEVEL = "-Onone";
			};
			name = Debug;
		};
		97E6F03422E1404E00EAD186 /* Release */ = {
			isa = XCBuildConfiguration;
			buildSettings = {
				ALWAYS_SEARCH_USER_PATHS = NO;
				CLANG_ANALYZER_NONNULL = YES;
				CLANG_ANALYZER_NUMBER_OBJECT_CONVERSION = YES_AGGRESSIVE;
				CLANG_CXX_LANGUAGE_STANDARD = "gnu++14";
				CLANG_CXX_LIBRARY = "libc++";
				CLANG_ENABLE_MODULES = YES;
				CLANG_ENABLE_OBJC_ARC = YES;
				CLANG_ENABLE_OBJC_WEAK = YES;
				CLANG_WARN_BLOCK_CAPTURE_AUTORELEASING = YES;
				CLANG_WARN_BOOL_CONVERSION = YES;
				CLANG_WARN_COMMA = YES;
				CLANG_WARN_CONSTANT_CONVERSION = YES;
				CLANG_WARN_DEPRECATED_OBJC_IMPLEMENTATIONS = YES;
				CLANG_WARN_DIRECT_OBJC_ISA_USAGE = YES_ERROR;
				CLANG_WARN_DOCUMENTATION_COMMENTS = YES;
				CLANG_WARN_EMPTY_BODY = YES;
				CLANG_WARN_ENUM_CONVERSION = YES;
				CLANG_WARN_INFINITE_RECURSION = YES;
				CLANG_WARN_INT_CONVERSION = YES;
				CLANG_WARN_NON_LITERAL_NULL_CONVERSION = YES;
				CLANG_WARN_OBJC_IMPLICIT_RETAIN_SELF = YES;
				CLANG_WARN_OBJC_LITERAL_CONVERSION = YES;
				CLANG_WARN_OBJC_ROOT_CLASS = YES_ERROR;
				CLANG_WARN_RANGE_LOOP_ANALYSIS = YES;
				CLANG_WARN_STRICT_PROTOTYPES = YES;
				CLANG_WARN_SUSPICIOUS_MOVE = YES;
				CLANG_WARN_UNGUARDED_AVAILABILITY = YES_AGGRESSIVE;
				CLANG_WARN_UNREACHABLE_CODE = YES;
				CLANG_WARN__DUPLICATE_METHOD_MATCH = YES;
				CODE_SIGN_IDENTITY = "iPhone Developer";
				COPY_PHASE_STRIP = NO;
				DEBUG_INFORMATION_FORMAT = "dwarf-with-dsym";
				ENABLE_NS_ASSERTIONS = NO;
				ENABLE_STRICT_OBJC_MSGSEND = YES;
				GCC_C_LANGUAGE_STANDARD = gnu11;
				GCC_NO_COMMON_BLOCKS = YES;
				GCC_WARN_64_TO_32_BIT_CONVERSION = YES;
				GCC_WARN_ABOUT_RETURN_TYPE = YES_ERROR;
				GCC_WARN_UNDECLARED_SELECTOR = YES;
				GCC_WARN_UNINITIALIZED_AUTOS = YES_AGGRESSIVE;
				GCC_WARN_UNUSED_FUNCTION = YES;
				GCC_WARN_UNUSED_VARIABLE = YES;
				IPHONEOS_DEPLOYMENT_TARGET = 12.2;
				MTL_ENABLE_DEBUG_INFO = NO;
				MTL_FAST_MATH = YES;
				SDKROOT = iphoneos;
				SWIFT_COMPILATION_MODE = wholemodule;
				SWIFT_OPTIMIZATION_LEVEL = "-O";
				VALIDATE_PRODUCT = YES;
			};
			name = Release;
		};
		97E6F03622E1404E00EAD186 /* Debug */ = {
			isa = XCBuildConfiguration;
			buildSettings = {
				ASSETCATALOG_COMPILER_APPICON_NAME = AppIcon;
				CODE_SIGN_STYLE = Automatic;
				DEVELOPMENT_TEAM = D6PCJ9V5S3;
				INFOPLIST_FILE = FieldSurvey/Info.plist;
				LD_RUNPATH_SEARCH_PATHS = (
					"$(inherited)",
					"@executable_path/Frameworks",
				);
				PRODUCT_BUNDLE_IDENTIFIER = com.MercyHoush.FieldSurvey;
				PRODUCT_NAME = "$(TARGET_NAME)";
				SWIFT_VERSION = 5.0;
				TARGETED_DEVICE_FAMILY = "1,2";
			};
			name = Debug;
		};
		97E6F03722E1404E00EAD186 /* Release */ = {
			isa = XCBuildConfiguration;
			buildSettings = {
				ASSETCATALOG_COMPILER_APPICON_NAME = AppIcon;
				CODE_SIGN_STYLE = Automatic;
				DEVELOPMENT_TEAM = D6PCJ9V5S3;
				INFOPLIST_FILE = FieldSurvey/Info.plist;
				LD_RUNPATH_SEARCH_PATHS = (
					"$(inherited)",
					"@executable_path/Frameworks",
				);
				PRODUCT_BUNDLE_IDENTIFIER = com.MercyHoush.FieldSurvey;
				PRODUCT_NAME = "$(TARGET_NAME)";
				SWIFT_VERSION = 5.0;
				TARGETED_DEVICE_FAMILY = "1,2";
			};
			name = Release;
		};
/* End XCBuildConfiguration section */

/* Begin XCConfigurationList section */
		97E6F01E22E1404900EAD186 /* Build configuration list for PBXProject "FieldSurvey" */ = {
			isa = XCConfigurationList;
			buildConfigurations = (
				97E6F03322E1404E00EAD186 /* Debug */,
				97E6F03422E1404E00EAD186 /* Release */,
			);
			defaultConfigurationIsVisible = 0;
			defaultConfigurationName = Release;
		};
		97E6F03522E1404E00EAD186 /* Build configuration list for PBXNativeTarget "FieldSurvey" */ = {
			isa = XCConfigurationList;
			buildConfigurations = (
				97E6F03622E1404E00EAD186 /* Debug */,
				97E6F03722E1404E00EAD186 /* Release */,
			);
			defaultConfigurationIsVisible = 0;
			defaultConfigurationName = Release;
		};
/* End XCConfigurationList section */
	};
	rootObject = 97E6F01B22E1404900EAD186 /* Project object */;
}
